{
  "name": "membrane_videoroom",
  "lockfileVersion": 3,
  "requires": true,
  "packages": {
    "": {
      "dependencies": {
        "@types/ramda": "^0.29.0"
      }
    },
    "node_modules/@types/ramda": {
      "version": "0.29.0",
      "resolved": "https://registry.npmjs.org/@types/ramda/-/ramda-0.29.0.tgz",
      "integrity": "sha512-TY9eKsklU43CmAbFJPKDUyBjleZ4EFAkbJeQRF4e8byGkOw1CjDcwg5EGa0Bgf0Kgs9BE9OU4UzQWnQDHnvMtA==",
      "dependencies": {
        "types-ramda": "^0.29.1"
      }
    },
    "node_modules/ts-toolbelt": {
      "version": "9.6.0",
      "resolved": "https://registry.npmjs.org/ts-toolbelt/-/ts-toolbelt-9.6.0.tgz",
      "integrity": "sha512-nsZd8ZeNUzukXPlJmTBwUAuABDe/9qtVDelJeT/qW0ow3ZS3BsQJtNkan1802aM9Uf68/Y8ljw86Hu0h5IUW3w=="
    },
    "node_modules/types-ramda": {
      "version": "0.29.1",
      "resolved": "https://registry.npmjs.org/types-ramda/-/types-ramda-0.29.1.tgz",
      "integrity": "sha512-pdEF8VXcBTSu3fPupZahieG6Lh8eBWPtcaH/OB5QPCoN2hz4vBbspoMLB3X9kwzXRD3lwD4/j0hwj3Z/PAzzcA==",
      "dependencies": {
        "ts-toolbelt": "^9.6.0"
      }
    }
  }
}
